
Microsoft Visual Studio Solution File, Format Version 12.00
# Visual Studio 14
VisualStudioVersion = 14.0.25420.1
MinimumVisualStudioVersion = 10.0.40219.1
Project("{FAE04EC0-301F-11D3-BF4B-00C04F79EFBC}") = "RadioStreamer.WebUI", "RadioStreamer.WebUI\RadioStreamer.WebUI.csproj", "{2F370752-059B-4866-9D06-FEB8F1887EEF}"
EndProject
Project("{FAE04EC0-301F-11D3-BF4B-00C04F79EFBC}") = "RadioScreamer.Domain", "RadioScreamer.Domain\RadioScreamer.Domain.csproj", "{F70249B3-084F-47A4-8834-EA050852C473}"
EndProject
Global
	GlobalSection(SolutionConfigurationPlatforms) = preSolution
		Debug|Any CPU = Debug|Any CPU
		Release|Any CPU = Release|Any CPU
	EndGlobalSection
	GlobalSection(ProjectConfigurationPlatforms) = postSolution
		{2F370752-059B-4866-9D06-FEB8F1887EEF}.Debug|Any CPU.ActiveCfg = Debug|Any CPU
		{2F370752-059B-4866-9D06-FEB8F1887EEF}.Debug|Any CPU.Build.0 = Debug|Any CPU
		{2F370752-059B-4866-9D06-FEB8F1887EEF}.Release|Any CPU.ActiveCfg = Release|Any CPU
		{2F370752-059B-4866-9D06-FEB8F1887EEF}.Release|Any CPU.Build.0 = Release|Any CPU
		{F70249B3-084F-47A4-8834-EA050852C473}.Debug|Any CPU.ActiveCfg = Debug|Any CPU
		{F70249B3-084F-47A4-8834-EA050852C473}.Debug|Any CPU.Build.0 = Debug|Any CPU
		{F70249B3-084F-47A4-8834-EA050852C473}.Release|Any CPU.ActiveCfg = Release|Any CPU
		{F70249B3-084F-47A4-8834-EA050852C473}.Release|Any CPU.Build.0 = Release|Any CPU
	EndGlobalSection
	GlobalSection(SolutionProperties) = preSolution
		HideSolutionNode = FALSE
	EndGlobalSection
EndGlobal
